
Microsoft Visual Studio Solution File, Format Version 12.00
# Visual Studio Version 17
VisualStudioVersion = 17.3.32819.101
MinimumVisualStudioVersion = 10.0.40219.1
Project("{FAE04EC0-301F-11D3-BF4B-00C04F79EFBC}") = "MedicineApp", "MedicineApp\MedicineApp.csproj", "{01A10F4D-9E51-4ABF-A247-155173E7ECC0}"
EndProject
Global
	GlobalSection(SolutionConfigurationPlatforms) = preSolution
		Debug|Any CPU = Debug|Any CPU
		Release|Any CPU = Release|Any CPU
	EndGlobalSection
	GlobalSection(ProjectConfigurationPlatforms) = postSolution
		{01A10F4D-9E51-4ABF-A247-155173E7ECC0}.Debug|Any CPU.ActiveCfg = Debug|Any CPU
		{01A10F4D-9E51-4ABF-A247-155173E7ECC0}.Debug|Any CPU.Build.0 = Debug|Any CPU
		{01A10F4D-9E51-4ABF-A247-155173E7ECC0}.Release|Any CPU.ActiveCfg = Release|Any CPU
		{01A10F4D-9E51-4ABF-A247-155173E7ECC0}.Release|Any CPU.Build.0 = Release|Any CPU
	EndGlobalSection
	GlobalSection(SolutionProperties) = preSolution
		HideSolutionNode = FALSE
	EndGlobalSection
	GlobalSection(ExtensibilityGlobals) = postSolution
		SolutionGuid = {3555F574-6D63-485B-AF5A-864489D158AA}
	EndGlobalSection
EndGlobal
